
Microsoft Visual Studio Solution File, Format Version 12.00
# Visual Studio Version 17
VisualStudioVersion = 17.14.36623.8
MinimumVisualStudioVersion = 10.0.40219.1
Project("{FAE04EC0-301F-11D3-BF4B-00C04F79EFBC}") = "TFWR.CS", "TFWR.CS\TFWR.CS.csproj", "{09E2953E-DD92-464E-9FB1-40D05FDF5C37}"
EndProject
Project("{FAE04EC0-301F-11D3-BF4B-00C04F79EFBC}") = "TFWR.CS.REF", "TFWR.CS.REF\TFWR.CS.REF.csproj", "{19EDF893-A21E-4638-9220-80EBD7CD77BF}"
EndProject
Project("{2150E333-8FDC-42A3-9474-1A3956D46DE8}") = "解决方案项", "解决方案项", "{9FA3D6BD-1EC1-3BA5-80CB-CE02773A58D5}"
	ProjectSection(SolutionItems) = preProject
		README.md = README.md
		README.zh.md = README.zh.md
	EndProjectSection
EndProject
Global
	GlobalSection(SolutionConfigurationPlatforms) = preSolution
		Debug|Any CPU = Debug|Any CPU
		Release|Any CPU = Release|Any CPU
	EndGlobalSection
	GlobalSection(ProjectConfigurationPlatforms) = postSolution
		{09E2953E-DD92-464E-9FB1-40D05FDF5C37}.Debug|Any CPU.ActiveCfg = Debug|Any CPU
		{09E2953E-DD92-464E-9FB1-40D05FDF5C37}.Debug|Any CPU.Build.0 = Debug|Any CPU
		{09E2953E-DD92-464E-9FB1-40D05FDF5C37}.Release|Any CPU.ActiveCfg = Release|Any CPU
		{09E2953E-DD92-464E-9FB1-40D05FDF5C37}.Release|Any CPU.Build.0 = Release|Any CPU
		{19EDF893-A21E-4638-9220-80EBD7CD77BF}.Debug|Any CPU.ActiveCfg = Debug|Any CPU
		{19EDF893-A21E-4638-9220-80EBD7CD77BF}.Debug|Any CPU.Build.0 = Debug|Any CPU
		{19EDF893-A21E-4638-9220-80EBD7CD77BF}.Release|Any CPU.ActiveCfg = Release|Any CPU
		{19EDF893-A21E-4638-9220-80EBD7CD77BF}.Release|Any CPU.Build.0 = Release|Any CPU
	EndGlobalSection
	GlobalSection(SolutionProperties) = preSolution
		HideSolutionNode = FALSE
	EndGlobalSection
	GlobalSection(ExtensibilityGlobals) = postSolution
		SolutionGuid = {18876209-ECF0-4A9F-93A3-6DEC2A209BD7}
	EndGlobalSection
EndGlobal
